Microsoft Visual Studio Solution File, Format Version 12.00
# Visual Studio Version 17
VisualStudioVersion = 17.5.2.0
MinimumVisualStudioVersion = 10.0.40219.1
Project("{FAE04EC0-301F-11D3-BF4B-00C04F79EFBC}") = "SST Hackaton", "SST Hackaton.csproj", "{67401F81-E7BE-6486-69F7-57AC22998B49}"
EndProject
Global
	GlobalSection(SolutionConfigurationPlatforms) = preSolution
		Debug|Any CPU = Debug|Any CPU
		Release|Any CPU = Release|Any CPU
	EndGlobalSection
	GlobalSection(ProjectConfigurationPlatforms) = postSolution
		{67401F81-E7BE-6486-69F7-57AC22998B49}.Debug|Any CPU.ActiveCfg = Debug|Any CPU
		{67401F81-E7BE-6486-69F7-57AC22998B49}.Debug|Any CPU.Build.0 = Debug|Any CPU
		{67401F81-E7BE-6486-69F7-57AC22998B49}.Release|Any CPU.ActiveCfg = Release|Any CPU
		{67401F81-E7BE-6486-69F7-57AC22998B49}.Release|Any CPU.Build.0 = Release|Any CPU
	EndGlobalSection
	GlobalSection(SolutionProperties) = preSolution
		HideSolutionNode = FALSE
	EndGlobalSection
	GlobalSection(ExtensibilityGlobals) = postSolution
		SolutionGuid = {AB90B852-CEE4-4155-B67D-F5D60318BDB3}
	EndGlobalSection
EndGlobal
